github.com/aws/aws-sdk-go-v2 v1.25.0 h1:sv7+1JVJxOu/dD/sz/csHX7jFqmP001TIY7aytBWDSQ=
github.com/aws/aws-sdk-go-v2 v1.25.0/go.mod h1:G104G1Aho5WqF+SR3mDIobTABQzpYV0WxMsKxlMggOA=
github.com/aws/aws-sdk-go-v2/config v1.27.0 h1:J5sdGCAHuWKIXLeXiqr8II/adSvetkx0qdZwdbXXpb0=
github.com/aws/aws-sdk-go-v2/config v1.27.0/go.mod h1:cfh8v69nuSUohNFMbIISP2fhmblGmYEOKs5V53HiHnk=
github.com/aws/aws-sdk-go-v2/credentials v1.17.0 h1:lMW2x6sKBsiAJrpi1doOXqWFyEPoE886DTb1X0wb7So=
github.com/aws/aws-sdk-go-v2/credentials v1.17.0/go.mod h1:uT41FIH8cCIxOdUYIL0PYyHlL1NoneDuDSCwg5VE/5o=
github.com/aws/aws-sdk-go-v2/feature/ec2/imds v1.15.0 h1:xWCwjjvVz2ojYTP4kBKUuUh9ZrXfcAXpflhOUUeXg1k=
github.com/aws/aws-sdk-go-v2/feature/ec2/imds v1.15.0/go.mod h1:j3fACuqXg4oMTQOR2yY7m0NmJY0yBK4L4sLsRXq1Ins=
github.com/aws/aws-sdk-go-v2/internal/configsources v1.3.0 h1:NPs/EqVO+ajwOoq56EfcGKa3L3ruWuazkIw1BqxwOPw=
github.com/aws/aws-sdk-go-v2/internal/configsources v1.3.0/go.mod h1:D+duLy2ylgatV+yTlQ8JTuLfDD0BnFvnQRc+o6tbZ4M=
github.com/aws/aws-sdk-go-v2/internal/endpoints/v2 v2.6.0 h1:ks7KGMVUMoDzcxNWUlEdI+/lokMFD136EL6DWmUOV80=
github.com/aws/aws-sdk-go-v2/internal/endpoints/v2 v2.6.0/go.mod h1:hL6BWM/d/qz113fVitZjbXR0E+RCTU1+x+1Idyn5NgE=
github.com/aws/aws-sdk-go-v2/internal/ini v1.8.0 h1:hT8rVHwugYE2lEfdFE0QWVo81lF7jMrYJVDWI+f+VxU=
github.com/aws/aws-sdk-go-v2/internal/ini v1.8.0/go.mod h1:8tu/lYfQfFe6IGnaOdrpVgEL2IrrDOf6/m9RQum4NkY=
github.com/aws/aws-sdk-go-v2/service/ec2 v1.142.0 h1:VrFC1uEZjX4ghkm/et8ATVGb1mT75Iv8aPKPjUE+F8A=
github.com/aws/aws-sdk-go-v2/service/ec2 v1.142.0/go.mod h1:qjhtI9zjpUHRc6khtrIM9fb48+ii6+UikL3/b+MKYn0=
github.com/aws/aws-sdk-go-v2/service/internal/accept-encoding v1.11.0 h1:a33HuFlO0KsveiP90IUJh8Xr/cx9US2PqkSroaLc+o8=
github.com/aws/aws-sdk-go-v2/service/internal/accept-encoding v1.11.0/go.mod h1:SxIkWpByiGbhbHYTo9CMTUnx2G4p4ZQMrDPcRRy//1c=
github.com/aws/aws-sdk-go-v2/service/internal/presigned-url v1.11.0 h1:SHN/umDLTmFTmYfI+gkanz6da3vK8Kvj/5wkqnTHbuA=
github.com/aws/aws-sdk-go-v2/service/internal/presigned-url v1.11.0/go.mod h1:l8gPU5RYGOFHJqWEpPMoRTP0VoaWQSkJdKo+hwWnnDA=
github.com/aws/aws-sdk-go-v2/service/sso v1.19.0 h1:u6OkVDxtBPnxPkZ9/63ynEe+8kHbtS5IfaC4PzVxzWM=
github.com/aws/aws-sdk-go-v2/service/sso v1.19.0/go.mod h1:YqbU3RS/pkDVu+v+Nwxvn0i1WB0HkNWEePWbmODEbbs=
github.com/aws/aws-sdk-go-v2/service/ssooidc v1.22.0 h1:6DL0qu5+315wbsAEEmzK+P9leRwNbkp+lGjPC+CEvb8=
github.com/aws/aws-sdk-go-v2/service/ssooidc v1.22.0/go.mod h1:olUAyg+FaoFaL/zFaeQQONjOZ9HXoxgvI/c7mQTYz7M=
github.com/aws/aws-sdk-go-v2/service/sts v1.27.0 h1:cjTRjh700H36MQ8M0LnDn33W3JmwC77mdxIIyPWCdpM=
github.com/aws/aws-sdk-go-v2/service/sts v1.27.0/go.mod h1:nXfOBMWPokIbOY+Gi7a1psWMSvskUCemZzI+SMB7Akc=
github.com/aws/smithy-go v1.20.0 h1:6+kZsCXZwKxZS9RfISnPc4EXlHoyAkm2hPuM8X2BrrQ=
github.com/aws/smithy-go v1.20.0/go.mod h1:uo5RKksAl4PzhqaAbjd4rLgFoq5koTsQKYuGe7dklGc=
github.com/cpuguy83/go-md2man/v2 v2.0.2 h1:p1EgwI/C7NhT0JmVkwCD2ZBK8j4aeHQX2pMHHBfMQ6w=
github.com/cpuguy83/go-md2man/v2 v2.0.2/go.mod h1:tgQtvFlXSQOSOSIRvRPT7W67SCa46tRHOmNcaadrF8o=
github.com/davecgh/go-spew v1.1.0 h1:ZDRjVQ15GmhC3fiQ8ni8+OwkZQO4DARzQgrnXU1Liz8=
github.com/davecgh/go-spew v1.1.0/go.mod h1:J7Y8YcW2NihsgmVo/mv3lAwl/skON4iLHjSsI+c5H38=
github.com/golang/mock v1.6.0 h1:ErTB+efbowRARo13NNdxyJji2egdxLGQhRaY+DUumQc=
github.com/golang/mock v1.6.0/go.mod h1:p6yTPP+5HYm5mzsMV8JkE6ZKdX+/wYM6Hr+LicevLPs=
github.com/google/go-cmp v0.5.8 h1:e6P7q2lk1O+qJJb4BtCQXlK8vWEO8V1ZeuEdJNOqZyg=
github.com/google/go-cmp v0.5.8/go.mod h1:17dUlkBOakJ0+DkrSSNjCkIjxS6bF9zb3elmeNGIjoY=
github.com/jmespath/go-jmespath v0.4.0 h1:BEgLn5cpjn8UN1mAw4NjwDrS35OdebyEtFe+9YPoQUg=
github.com/jmespath/go-jmespath v0.4.0/go.mod h1:T8mJZnbsbmF+m6zOOFylbeCJqk5+pHWvzYPziyZiYoo=
github.com/jmespath/go-jmespath/internal/testify v1.5.1 h1:shLQSRRSCCPj3f2gpwzGwWFoC7ycTf1rcQZHOlsJ6N8=
github.com/jmespath/go-jmespath/internal/testify v1.5.1/go.mod h1:L3OGu8Wl2/fWfCI6z80xFu9LTZmf1ZRjMHUOPmWr69U=
github.com/pmezard/go-difflib v1.0.0 h1:4DBwDE0NGyQoBHbLQYPwSUPoCMWR5BEzIk/f1lZbAQM=
github.com/pmezard/go-difflib v1.0.0/go.mod h1:iKH77koFhYxTK1pcRnkKkqfTogsbg7gZNVY4sRDYZ/4=
github.com/russross/blackfriday/v2 v2.1.0 h1:JIOH55/0cWyOuilr9/qlrm0BSXldqnqwMsf35Ld67mk=
github.com/russross/blackfriday/v2 v2.1.0/go.mod h1:+Rmxgy9KzJVeS9/2gXHxylqXiyQDYRxCVz55jmeOWTM=
github.com/stretchr/objx v0.1.0/go.mod h1:HFkY916IF+rwdDfMAkV7OtwuqBVzrE8GR6GFx+wExME=
github.com/urfave/cli/v2 v2.27.1 h1:8xSQ6szndafKVRmfyeUMxkNUJQMjL1F2zmsZ+qHpfho=
github.com/urfave/cli/v2 v2.27.1/go.mod h1:8qnjx1vcq5s2/wpsqoZFndg2CE5tNFyrTvS6SinrnYQ=
github.com/xrash/smetrics v0.0.0-20201216005158-039620a65673 h1:bAn7/zixMGCfxrRTfdpNzjtPYqr8smhKouy9mxVdGPU=
github.com/xrash/smetrics v0.0.0-20201216005158-039620a65673/go.mod h1:N3UwUGtsrSj3ccvlPHLoLsHnpR27oXr4ZE984MbSER8=
github.com/yuin/goldmark v1.3.5/go.mod h1:mwnBkeHKe2W/ZEtQ+71ViKU8L12m81fl3OWwC1Zlc8k=
golang.org/x/crypto v0.0.0-20190308221718-c2843e01d9a2/go.mod h1:djNgcEr1/C05ACkg1iLfiJU5Ep61QUkGW8qpdssI0+w=
golang.org/x/crypto v0.0.0-20191011191535-87dc89f01550/go.mod h1:yigFU9vqHzYiE8UmvKecakEJjdnWj3jj499lnFckfCI=
golang.org/x/mod v0.4.2/go.mod h1:s0Qsj1ACt9ePp/hMypM3fl4fZqREWJwdYDEqhRiZZUA=
golang.org/x/net v0.0.0-20190404232315-eb5bcb51f2a3/go.mod h1:t9HGtf8HONx5eT2rtn7q6eTqICYqUVnKs3thJo3Qplg=
golang.org/x/net v0.0.0-20190620200207-3b0461eec859/go.mod h1:z5CRVTTTmAJ677TzLLGU+0bjPO0LkuOLi4/5GtJWs/s=
golang.org/x/net v0.0.0-20210405180319-a5a99cb37ef4/go.mod h1:p54w0d4576C0XHj96bSt6lcn1PtDYWL6XObtHCRCNQM=
golang.org/x/sync v0.0.0-20190423024810-112230192c58/go.mod h1:RxMgew5VJxzue5/jJTE5uejpjVlOe/izrB70Jof72aM=
golang.org/x/sync v0.0.0-20210220032951-036812b2e83c/go.mod h1:RxMgew5VJxzue5/jJTE5uejpjVlOe/izrB70Jof72aM=
golang.org/x/sys v0.0.0-20190215142949-d0b11bdaac8a/go.mod h1:STP8DvDyc/dI5b8T5hshtkjS+E42TnysNCUPdjciGhY=
golang.org/x/sys v0.0.0-20190412213103-97732733099d/go.mod h1:h1NjWce9XRLGQEsW7wpKNCjG9DtNlClVuFLEZdDNbEs=
golang.org/x/sys v0.0.0-20201119102817-f84b799fce68/go.mod h1:h1NjWce9XRLGQEsW7wpKNCjG9DtNlClVuFLEZdDNbEs=
golang.org/x/sys v0.0.0-20210330210617-4fbd30eecc44/go.mod h1:h1NjWce9XRLGQEsW7wpKNCjG9DtNlClVuFLEZdDNbEs=
golang.org/x/sys v0.0.0-20210510120138-977fb7262007/go.mod h1:oPkhp1MJrh7nUepCBck5+mAzfO9JrbApNNgaTdGDITg=
golang.org/x/term v0.0.0-20201126162022-7de9c90e9dd1/go.mod h1:bj7SfCRtBDWHUb9snDiAeCFNEtKQo2Wmx5Cou7ajbmo=
golang.org/x/text v0.3.0/go.mod h1:NqM8EUOU14njkJ3fqMW+pc6Ldnwhi/IjpwHt7yyuwOQ=
golang.org/x/text v0.3.3/go.mod h1:5Zoc/QRtKVWzQhOtBMvqHzDpF6irO9z98xDceosuGiQ=
golang.org/x/tools v0.0.0-20180917221912-90fa682c2a6e/go.mod h1:n7NCudcB/nEzxVGmLbDWY5pfWTLqBcC2KZ6jyYvM4mQ=
golang.org/x/tools v0.0.0-20191119224855-298f0cb1881e/go.mod h1:b+2E5dAYhXwXZwtnZ6UAqBI28+e2cm9otk0dWdXHAEo=
golang.org/x/tools v0.1.1/go.mod h1:o0xws9oXOQQZyjljx8fwUC0k7L1pTE6eaCbjGeHmOkk=
golang.org/x/xerrors v0.0.0-20190717185122-a985d3407aa7/go.mod h1:I/5z698sn9Ka8TeJc9MKroUUfqBBauWjQqLJ2OPfmY0=
golang.org/x/xerrors v0.0.0-20191011141410-1b5146add898/go.mod h1:I/5z698sn9Ka8TeJc9MKroUUfqBBauWjQqLJ2OPfmY0=
golang.org/x/xerrors v0.0.0-20200804184101-5ec99f83aff1/go.mod h1:I/5z698sn9Ka8TeJc9MKroUUfqBBauWjQqLJ2OPfmY0=
gopkg.in/check.v1 v0.0.0-20161208181325-20d25e280405/go.mod h1:Co6ibVJAznAaIkqp8huTwlJQCZ016jof/cbN4VW5Yz0=
gopkg.in/yaml.v2 v2.2.8 h1:obN1ZagJSUGI0Ek/LBmuj4SNLPfIny3KsKFopxRdj10=
gopkg.in/yaml.v2 v2.2.8/go.mod h1:hI93XBmqTisBFMUTm0b8Fm+jr3Dg1NNxqwp+5A1VGuI=
